// !$*UTF8*$!
{
	archiveVersion = 1;
	classes = {
	};
	objectVersion = 56;
	objects = {

/* Begin PBXBuildFile section */
		03A7569C9815AECE32FD72C3 /* EmailLoginView.swift in Sources */ = {isa = PBXBuildFile; fileRef = 7C449248739977A0EAD3366F /* EmailLoginView.swift */; };
		1A0001 /* SolunaReceiverApp.swift in Sources */ = {isa = PBXBuildFile; fileRef = 2A0001 /* SolunaReceiverApp.swift */; };
		1A0002 /* ContentView.swift in Sources */ = {isa = PBXBuildFile; fileRef = 2A0002 /* ContentView.swift */; };
		1A0003 /* AudioReceiver.swift in Sources */ = {isa = PBXBuildFile; fileRef = 2A0003 /* AudioReceiver.swift */; };
		1A0004 /* AudioReceiverBridge.mm in Sources */ = {isa = PBXBuildFile; fileRef = 2A0004 /* AudioReceiverBridge.mm */; };
		1A0005 /* SettingsView.swift in Sources */ = {isa = PBXBuildFile; fileRef = 2A0008 /* SettingsView.swift */; };
		1A0006 /* Assets.xcassets in Resources */ = {isa = PBXBuildFile; fileRef = 2A0009 /* Assets.xcassets */; };
		1A0010 /* CoreAudio.framework in Frameworks */ = {isa = PBXBuildFile; fileRef = 2A0010 /* CoreAudio.framework */; };
		1A0011 /* AudioToolbox.framework in Frameworks */ = {isa = PBXBuildFile; fileRef = 2A0011 /* AudioToolbox.framework */; };
		1A0013 /* AVFoundation.framework in Frameworks */ = {isa = PBXBuildFile; fileRef = 2A0013 /* AVFoundation.framework */; };
		1A0014 /* CoreFoundation.framework in Frameworks */ = {isa = PBXBuildFile; fileRef = 2A0014 /* CoreFoundation.framework */; };
		1A0015 /* MultipeerConnectivity.framework in Frameworks */ = {isa = PBXBuildFile; fileRef = 2A0015 /* MultipeerConnectivity.framework */; };
		1A0020 /* DaemonClient.swift in Sources */ = {isa = PBXBuildFile; fileRef = 2A0020 /* DaemonClient.swift */; };
		1A0030 /* SpeakersController.swift in Sources */ = {isa = PBXBuildFile; fileRef = 2A0030 /* SpeakersController.swift */; };
		1A0040 /* PeerRelayManager.swift in Sources */ = {isa = PBXBuildFile; fileRef = 2A0040 /* PeerRelayManager.swift */; };
		1A0050 /* PrivacyInfo.xcprivacy in Resources */ = {isa = PBXBuildFile; fileRef = 2A0050 /* PrivacyInfo.xcprivacy */; };
		1A0051 /* PlayerModel.swift in Sources */ = {isa = PBXBuildFile; fileRef = 2A0051 /* PlayerModel.swift */; };
		1A0052 /* PlayerView.swift in Sources */ = {isa = PBXBuildFile; fileRef = 2A0052 /* PlayerView.swift */; };
		1A0060 /* ChannelQRView.swift in Sources */ = {isa = PBXBuildFile; fileRef = 2A0060 /* ChannelQRView.swift */; };
		1A0061 /* WatchSessionManager.swift in Sources */ = {isa = PBXBuildFile; fileRef = 2A0061 /* WatchSessionManager.swift */; };
		1A0062 /* ChannelStore.swift in Sources */ = {isa = PBXBuildFile; fileRef = 2A0062 /* ChannelStore.swift */; };
		1A0063 /* ChannelPurchaseView.swift in Sources */ = {isa = PBXBuildFile; fileRef = 2A0063 /* ChannelPurchaseView.swift */; };
		1A0070 /* AudioFingerprint.swift in Sources */ = {isa = PBXBuildFile; fileRef = 2A0070 /* AudioFingerprint.swift */; };
		1A0071 /* NowPlayingView.swift in Sources */ = {isa = PBXBuildFile; fileRef = 2A0071 /* NowPlayingView.swift */; };
		1A0072 /* DJDeckView.swift in Sources */ = {isa = PBXBuildFile; fileRef = 2A0072 /* DJDeckView.swift */; };
		1AW001 /* SolunaWatchApp.swift in Sources */ = {isa = PBXBuildFile; fileRef = 2AW001 /* SolunaWatchApp.swift */; };
		1AW002 /* WatchControlView.swift in Sources */ = {isa = PBXBuildFile; fileRef = 2AW002 /* WatchControlView.swift */; };
		1AW003 /* WatchConnector.swift in Sources */ = {isa = PBXBuildFile; fileRef = 2AW003 /* WatchConnector.swift */; };
		3676A98C2C37381755AC7AE3 /* AuthManager.swift in Sources */ = {isa = PBXBuildFile; fileRef = 3F2066F35682EABAA8FB76C2 /* AuthManager.swift */; };
		6702C8871423768AC4A68363 /* SolunaTheme.swift in Sources */ = {isa = PBXBuildFile; fileRef = 783E19B517B0E637BF72F97C /* SolunaTheme.swift */; };
		A59C8441EDE00356AB248542 /* DeviceBrowserView.swift in Sources */ = {isa = PBXBuildFile; fileRef = A8E1058C397B200E7BF8EDBF /* DeviceBrowserView.swift */; };
		CB5801208D32 /* ChannelBrowserView.swift in Sources */ = {isa = PBXBuildFile; fileRef = CB8CC19F9AA4 /* ChannelBrowserView.swift */; };
		GD0001 /* GlobalDeviceRegistry.swift in Sources */ = {isa = PBXBuildFile; fileRef = GD0002 /* GlobalDeviceRegistry.swift */; };
		GD0003 /* DevicePickerView.swift in Sources */ = {isa = PBXBuildFile; fileRef = GD0004 /* DevicePickerView.swift */; };
/* End PBXBuildFile section */

/* Begin PBXFileReference section */
		2A0001 /* SolunaReceiverApp.swift */ = {isa = PBXFileReference; lastKnownFileType = sourcecode.swift; path = SolunaReceiverApp.swift; sourceTree = "<group>"; };
		2A0002 /* ContentView.swift */ = {isa = PBXFileReference; lastKnownFileType = sourcecode.swift; path = ContentView.swift; sourceTree = "<group>"; };
		2A0003 /* AudioReceiver.swift */ = {isa = PBXFileReference; lastKnownFileType = sourcecode.swift; path = AudioReceiver.swift; sourceTree = "<group>"; };
		2A0004 /* AudioReceiverBridge.mm */ = {isa = PBXFileReference; lastKnownFileType = sourcecode.cpp.objcpp; path = AudioReceiverBridge.mm; sourceTree = "<group>"; };
		2A0005 /* AudioReceiverBridge.h */ = {isa = PBXFileReference; lastKnownFileType = sourcecode.c.h; path = AudioReceiverBridge.h; sourceTree = "<group>"; };
		2A0006 /* SolunaReceiver-Bridging-Header.h */ = {isa = PBXFileReference; lastKnownFileType = sourcecode.c.h; path = "SolunaReceiver-Bridging-Header.h"; sourceTree = "<group>"; };
		2A0007 /* Info.plist */ = {isa = PBXFileReference; lastKnownFileType = text.plist.xml; path = Info.plist; sourceTree = "<group>"; };
		2A0008 /* SettingsView.swift */ = {isa = PBXFileReference; lastKnownFileType = sourcecode.swift; path = SettingsView.swift; sourceTree = "<group>"; };
		2A0009 /* Assets.xcassets */ = {isa = PBXFileReference; lastKnownFileType = folder.assetcatalog; path = Assets.xcassets; sourceTree = "<group>"; };
		2A0010 /* CoreAudio.framework */ = {isa = PBXFileReference; lastKnownFileType = wrapper.framework; name = CoreAudio.framework; path = System/Library/Frameworks/CoreAudio.framework; sourceTree = SDKROOT; };
		2A0011 /* AudioToolbox.framework */ = {isa = PBXFileReference; lastKnownFileType = wrapper.framework; name = AudioToolbox.framework; path = System/Library/Frameworks/AudioToolbox.framework; sourceTree = SDKROOT; };
		2A0013 /* AVFoundation.framework */ = {isa = PBXFileReference; lastKnownFileType = wrapper.framework; name = AVFoundation.framework; path = System/Library/Frameworks/AVFoundation.framework; sourceTree = SDKROOT; };
		2A0014 /* CoreFoundation.framework */ = {isa = PBXFileReference; lastKnownFileType = wrapper.framework; name = CoreFoundation.framework; path = System/Library/Frameworks/CoreFoundation.framework; sourceTree = SDKROOT; };
		2A0015 /* MultipeerConnectivity.framework */ = {isa = PBXFileReference; lastKnownFileType = wrapper.framework; name = MultipeerConnectivity.framework; path = System/Library/Frameworks/MultipeerConnectivity.framework; sourceTree = SDKROOT; };
		2A0020 /* DaemonClient.swift */ = {isa = PBXFileReference; lastKnownFileType = sourcecode.swift; path = DaemonClient.swift; sourceTree = "<group>"; };
		2A0030 /* SpeakersController.swift */ = {isa = PBXFileReference; lastKnownFileType = sourcecode.swift; path = SpeakersController.swift; sourceTree = "<group>"; };
		2A0040 /* PeerRelayManager.swift */ = {isa = PBXFileReference; lastKnownFileType = sourcecode.swift; path = PeerRelayManager.swift; sourceTree = "<group>"; };
		2A0050 /* PrivacyInfo.xcprivacy */ = {isa = PBXFileReference; lastKnownFileType = text.xml; path = PrivacyInfo.xcprivacy; sourceTree = "<group>"; };
		2A0051 /* PlayerModel.swift */ = {isa = PBXFileReference; lastKnownFileType = sourcecode.swift; path = PlayerModel.swift; sourceTree = "<group>"; };
		2A0052 /* PlayerView.swift */ = {isa = PBXFileReference; lastKnownFileType = sourcecode.swift; path = PlayerView.swift; sourceTree = "<group>"; };
		2A0060 /* ChannelQRView.swift */ = {isa = PBXFileReference; lastKnownFileType = sourcecode.swift; path = ChannelQRView.swift; sourceTree = "<group>"; };
		2A0061 /* WatchSessionManager.swift */ = {isa = PBXFileReference; lastKnownFileType = sourcecode.swift; path = WatchSessionManager.swift; sourceTree = "<group>"; };
		2A0062 /* ChannelStore.swift */ = {isa = PBXFileReference; lastKnownFileType = sourcecode.swift; path = ChannelStore.swift; sourceTree = "<group>"; };
		2A0063 /* ChannelPurchaseView.swift */ = {isa = PBXFileReference; lastKnownFileType = sourcecode.swift; path = ChannelPurchaseView.swift; sourceTree = "<group>"; };
		2A0070 /* AudioFingerprint.swift */ = {isa = PBXFileReference; lastKnownFileType = sourcecode.swift; path = AudioFingerprint.swift; sourceTree = "<group>"; };
		2A0071 /* NowPlayingView.swift */ = {isa = PBXFileReference; lastKnownFileType = sourcecode.swift; path = NowPlayingView.swift; sourceTree = "<group>"; };
		2A0072 /* DJDeckView.swift */ = {isa = PBXFileReference; lastKnownFileType = sourcecode.swift; path = DJDeckView.swift; sourceTree = "<group>"; };
		2AW001 /* SolunaWatchApp.swift */ = {isa = PBXFileReference; lastKnownFileType = sourcecode.swift; path = SolunaWatchApp.swift; sourceTree = "<group>"; };
		2AW002 /* WatchControlView.swift */ = {isa = PBXFileReference; lastKnownFileType = sourcecode.swift; path = WatchControlView.swift; sourceTree = "<group>"; };
		2AW003 /* WatchConnector.swift */ = {isa = PBXFileReference; lastKnownFileType = sourcecode.swift; path = WatchConnector.swift; sourceTree = "<group>"; };
		3A0000 /* SolunaReceiver.app */ = {isa = PBXFileReference; explicitFileType = wrapper.application; includeInIndex = 0; path = SolunaReceiver.app; sourceTree = BUILT_PRODUCTS_DIR; };
		3AW000 /* SolunaWatch.app */ = {isa = PBXFileReference; explicitFileType = wrapper.application; includeInIndex = 0; path = SolunaWatch.app; sourceTree = BUILT_PRODUCTS_DIR; };
		3F2066F35682EABAA8FB76C2 /* AuthManager.swift */ = {isa = PBXFileReference; includeInIndex = 1; lastKnownFileType = sourcecode.swift; path = AuthManager.swift; sourceTree = "<group>"; };
		783E19B517B0E637BF72F97C /* SolunaTheme.swift */ = {isa = PBXFileReference; includeInIndex = 1; lastKnownFileType = sourcecode.swift; path = SolunaTheme.swift; sourceTree = "<group>"; };
		7C449248739977A0EAD3366F /* EmailLoginView.swift */ = {isa = PBXFileReference; includeInIndex = 1; lastKnownFileType = sourcecode.swift; path = EmailLoginView.swift; sourceTree = "<group>"; };
		A8E1058C397B200E7BF8EDBF /* DeviceBrowserView.swift */ = {isa = PBXFileReference; includeInIndex = 1; lastKnownFileType = sourcecode.swift; path = DeviceBrowserView.swift; sourceTree = "<group>"; };
		CB8CC19F9AA4 /* ChannelBrowserView.swift */ = {isa = PBXFileReference; lastKnownFileType = sourcecode.swift; path = ChannelBrowserView.swift; sourceTree = "<group>"; };
		GD0002 /* GlobalDeviceRegistry.swift */ = {isa = PBXFileReference; lastKnownFileType = sourcecode.swift; path = GlobalDeviceRegistry.swift; sourceTree = "<group>"; };
		GD0004 /* DevicePickerView.swift */ = {isa = PBXFileReference; lastKnownFileType = sourcecode.swift; path = DevicePickerView.swift; sourceTree = "<group>"; };
/* End PBXFileReference section */

/* Begin PBXFrameworksBuildPhase section */
		4A0001 /* Frameworks */ = {
			isa = PBXFrameworksBuildPhase;
			buildActionMask = 2147483647;
			files = (
				1A0010 /* CoreAudio.framework in Frameworks */,
				1A0011 /* AudioToolbox.framework in Frameworks */,
				1A0013 /* AVFoundation.framework in Frameworks */,
				1A0014 /* CoreFoundation.framework in Frameworks */,
				1A0015 /* MultipeerConnectivity.framework in Frameworks */,
			);
			runOnlyForDeploymentPostprocessing = 0;
		};
		4AW001 /* Frameworks */ = {
			isa = PBXFrameworksBuildPhase;
			buildActionMask = 2147483647;
			files = (
			);
			runOnlyForDeploymentPostprocessing = 0;
		};
/* End PBXFrameworksBuildPhase section */

/* Begin PBXGroup section */
		5A0000 = {
			isa = PBXGroup;
			children = (
				5A0001 /* SolunaReceiver */,
				5AW001 /* SolunaWatch */,
				5A0002 /* Frameworks */,
				5A0003 /* Products */,
			);
			sourceTree = "<group>";
		};
		5A0001 /* SolunaReceiver */ = {
			isa = PBXGroup;
			children = (
				2A0001 /* SolunaReceiverApp.swift */,
				2A0002 /* ContentView.swift */,
				2A0008 /* SettingsView.swift */,
				2A0003 /* AudioReceiver.swift */,
				2A0020 /* DaemonClient.swift */,
				2A0030 /* SpeakersController.swift */,
				2A0040 /* PeerRelayManager.swift */,
				2A0051 /* PlayerModel.swift */,
				2A0052 /* PlayerView.swift */,
				2A0060 /* ChannelQRView.swift */,
				2A0061 /* WatchSessionManager.swift */,
				2A0062 /* ChannelStore.swift */,
				CB8CC19F9AA4 /* ChannelBrowserView.swift */,
				2A0063 /* ChannelPurchaseView.swift */,
				2A0070 /* AudioFingerprint.swift */,
				2A0071 /* NowPlayingView.swift */,
				2A0072 /* DJDeckView.swift */,
				5A0010 /* Bridge */,
				2A0009 /* Assets.xcassets */,
				2A0050 /* PrivacyInfo.xcprivacy */,
				2A0007 /* Info.plist */,
				783E19B517B0E637BF72F97C /* SolunaTheme.swift */,
				3F2066F35682EABAA8FB76C2 /* AuthManager.swift */,
				7C449248739977A0EAD3366F /* EmailLoginView.swift */,
				A8E1058C397B200E7BF8EDBF /* DeviceBrowserView.swift */,
				GD0002 /* GlobalDeviceRegistry.swift */,
				GD0004 /* DevicePickerView.swift */,
			);
			path = SolunaReceiver;
			sourceTree = "<group>";
		};
		5A0002 /* Frameworks */ = {
			isa = PBXGroup;
			children = (
				2A0010 /* CoreAudio.framework */,
				2A0011 /* AudioToolbox.framework */,
				2A0013 /* AVFoundation.framework */,
				2A0014 /* CoreFoundation.framework */,
				2A0015 /* MultipeerConnectivity.framework */,
			);
			name = Frameworks;
			sourceTree = "<group>";
		};
		5A0003 /* Products */ = {
			isa = PBXGroup;
			children = (
				3A0000 /* SolunaReceiver.app */,
				3AW000 /* SolunaWatch.app */,
			);
			name = Products;
			sourceTree = "<group>";
		};
		5A0010 /* Bridge */ = {
			isa = PBXGroup;
			children = (
				2A0006 /* SolunaReceiver-Bridging-Header.h */,
				2A0005 /* AudioReceiverBridge.h */,
				2A0004 /* AudioReceiverBridge.mm */,
			);
			path = Bridge;
			sourceTree = "<group>";
		};
		5AW001 /* SolunaWatch */ = {
			isa = PBXGroup;
			children = (
				2AW001 /* SolunaWatchApp.swift */,
				2AW002 /* WatchControlView.swift */,
				2AW003 /* WatchConnector.swift */,
			);
			path = SolunaWatch;
			sourceTree = "<group>";
		};
/* End PBXGroup section */

/* Begin PBXNativeTarget section */
		6A0000 /* SolunaReceiver */ = {
			isa = PBXNativeTarget;
			buildConfigurationList = 7A0000 /* Build configuration list for PBXNativeTarget "SolunaReceiver" */;
			buildPhases = (
				6A0001 /* Sources */,
				4A0001 /* Frameworks */,
				6A0002 /* Resources */,
			);
			buildRules = (
			);
			dependencies = (
			);
			name = SolunaReceiver;
			productName = SolunaReceiver;
			productReference = 3A0000 /* SolunaReceiver.app */;
			productType = "com.apple.product-type.application";
		};
		6AW000 /* SolunaWatch */ = {
			isa = PBXNativeTarget;
			buildConfigurationList = 7AW000 /* Build configuration list for PBXNativeTarget "SolunaWatch" */;
			buildPhases = (
				6AW001 /* Sources */,
				4AW001 /* Frameworks */,
			);
			buildRules = (
			);
			dependencies = (
			);
			name = SolunaWatch;
			productName = SolunaWatch;
			productReference = 3AW000 /* SolunaWatch.app */;
			productType = "com.apple.product-type.application";
		};
/* End PBXNativeTarget section */

/* Begin PBXProject section */
		8A0000 /* Project object */ = {
			isa = PBXProject;
			attributes = {
				BuildIndependentTargetsInParallel = 1;
				LastSwiftUpdateCheck = 1500;
				LastUpgradeCheck = 1500;
				TargetAttributes = {
					6A0000 = {
						CreatedOnToolsVersion = 15.0;
						LastSwiftMigration = 1500;
					};
					6AW000 = {
						CreatedOnToolsVersion = 15.0;
					};
				};
			};
			buildConfigurationList = 7A0010 /* Build configuration list for PBXProject "SolunaReceiver" */;
			compatibilityVersion = "Xcode 14.0";
			developmentRegion = en;
			hasScannedForEncodings = 0;
			knownRegions = (
				en,
				Base,
			);
			mainGroup = 5A0000;
			productRefGroup = 5A0003 /* Products */;
			projectDirPath = "";
			projectRoot = "";
			targets = (
				6A0000 /* SolunaReceiver */,
				6AW000 /* SolunaWatch */,
			);
		};
/* End PBXProject section */

/* Begin PBXResourcesBuildPhase section */
		6A0002 /* Resources */ = {
			isa = PBXResourcesBuildPhase;
			buildActionMask = 2147483647;
			files = (
				1A0006 /* Assets.xcassets in Resources */,
				1A0050 /* PrivacyInfo.xcprivacy in Resources */,
			);
			runOnlyForDeploymentPostprocessing = 0;
		};
/* End PBXResourcesBuildPhase section */

/* Begin PBXSourcesBuildPhase section */
		6A0001 /* Sources */ = {
			isa = PBXSourcesBuildPhase;
			buildActionMask = 2147483647;
			files = (
				1A0001 /* SolunaReceiverApp.swift in Sources */,
				1A0002 /* ContentView.swift in Sources */,
				1A0005 /* SettingsView.swift in Sources */,
				1A0003 /* AudioReceiver.swift in Sources */,
				1A0020 /* DaemonClient.swift in Sources */,
				1A0030 /* SpeakersController.swift in Sources */,
				1A0040 /* PeerRelayManager.swift in Sources */,
				1A0051 /* PlayerModel.swift in Sources */,
				1A0052 /* PlayerView.swift in Sources */,
				1A0004 /* AudioReceiverBridge.mm in Sources */,
				1A0060 /* ChannelQRView.swift in Sources */,
				1A0061 /* WatchSessionManager.swift in Sources */,
				1A0062 /* ChannelStore.swift in Sources */,
				CB5801208D32 /* ChannelBrowserView.swift in Sources */,
				1A0063 /* ChannelPurchaseView.swift in Sources */,
				1A0070 /* AudioFingerprint.swift in Sources */,
				1A0071 /* NowPlayingView.swift in Sources */,
				1A0072 /* DJDeckView.swift in Sources */,
				6702C8871423768AC4A68363 /* SolunaTheme.swift in Sources */,
				3676A98C2C37381755AC7AE3 /* AuthManager.swift in Sources */,
				03A7569C9815AECE32FD72C3 /* EmailLoginView.swift in Sources */,
				A59C8441EDE00356AB248542 /* DeviceBrowserView.swift in Sources */,
				GD0001 /* GlobalDeviceRegistry.swift in Sources */,
				GD0003 /* DevicePickerView.swift in Sources */,
			);
			runOnlyForDeploymentPostprocessing = 0;
		};
		6AW001 /* Sources */ = {
			isa = PBXSourcesBuildPhase;
			buildActionMask = 2147483647;
			files = (
				1AW001 /* SolunaWatchApp.swift in Sources */,
				1AW002 /* WatchControlView.swift in Sources */,
				1AW003 /* WatchConnector.swift in Sources */,
			);
			runOnlyForDeploymentPostprocessing = 0;
		};
/* End PBXSourcesBuildPhase section */

/* Begin XCBuildConfiguration section */
		9A0001 /* Debug */ = {
			isa = XCBuildConfiguration;
			buildSettings = {
				ALWAYS_SEARCH_USER_PATHS = NO;
				ASSETCATALOG_COMPILER_GENERATE_SWIFT_ASSET_SYMBOL_EXTENSIONS = YES;
				CLANG_ANALYZER_NONNULL = YES;
				CLANG_ANALYZER_NUMBER_OBJECT_CONVERSION = YES_AGGRESSIVE;
				CLANG_CXX_LANGUAGE_STANDARD = "c++17";
				CLANG_ENABLE_MODULES = YES;
				CLANG_ENABLE_OBJC_ARC = YES;
				CLANG_ENABLE_OBJC_WEAK = YES;
				CLANG_WARN_BLOCK_CAPTURE_AUTORELEASING = YES;
				CLANG_WARN_BOOL_CONVERSION = YES;
				CLANG_WARN_COMMA = YES;
				CLANG_WARN_CONSTANT_CONVERSION = YES;
				CLANG_WARN_DEPRECATED_OBJC_IMPLEMENTATIONS = YES;
				CLANG_WARN_DIRECT_OBJC_ISA_USAGE = YES_ERROR;
				CLANG_WARN_DOCUMENTATION_COMMENTS = YES;
				CLANG_WARN_EMPTY_BODY = YES;
				CLANG_WARN_ENUM_CONVERSION = YES;
				CLANG_WARN_INFINITE_RECURSION = YES;
				CLANG_WARN_INT_CONVERSION = YES;
				CLANG_WARN_NON_LITERAL_NULL_CONVERSION = YES;
				CLANG_WARN_OBJC_IMPLICIT_RETAIN_SELF = YES;
				CLANG_WARN_OBJC_LITERAL_CONVERSION = YES;
				CLANG_WARN_OBJC_ROOT_CLASS = YES_ERROR;
				CLANG_WARN_QUOTED_INCLUDE_IN_FRAMEWORK_HEADER = YES;
				CLANG_WARN_RANGE_LOOP_ANALYSIS = YES;
				CLANG_WARN_STRICT_PROTOTYPES = YES;
				CLANG_WARN_SUSPICIOUS_MOVE = YES;
				CLANG_WARN_UNGUARDED_AVAILABILITY = YES_AGGRESSIVE;
				CLANG_WARN_UNREACHABLE_CODE = YES;
				CLANG_WARN__DUPLICATE_METHOD_MATCH = YES;
				COPY_PHASE_STRIP = NO;
				DEBUG_INFORMATION_FORMAT = dwarf;
				ENABLE_STRICT_OBJC_MSGSEND = YES;
				ENABLE_TESTABILITY = YES;
				ENABLE_USER_SCRIPT_SANDBOXING = YES;
				GCC_C_LANGUAGE_STANDARD = gnu17;
				GCC_DYNAMIC_NO_PIC = NO;
				GCC_NO_COMMON_BLOCKS = YES;
				GCC_OPTIMIZATION_LEVEL = 0;
				GCC_PREPROCESSOR_DEFINITIONS = (
					"DEBUG=1",
					"$(inherited)",
				);
				GCC_WARN_64_TO_32_BIT_CONVERSION = YES;
				GCC_WARN_ABOUT_RETURN_TYPE = YES_ERROR;
				GCC_WARN_UNDECLARED_SELECTOR = YES;
				GCC_WARN_UNINITIALIZED_AUTOS = YES_AGGRESSIVE;
				GCC_WARN_UNUSED_FUNCTION = YES;
				GCC_WARN_UNUSED_VARIABLE = YES;
				IPHONEOS_DEPLOYMENT_TARGET = 16.0;
				LOCALIZATION_PREFERS_STRING_CATALOGS = YES;
				MTL_ENABLE_DEBUG_INFO = INCLUDE_SOURCE;
				MTL_FAST_MATH = YES;
				ONLY_ACTIVE_ARCH = YES;
				SDKROOT = iphoneos;
				SWIFT_ACTIVE_COMPILATION_CONDITIONS = "DEBUG $(inherited)";
				SWIFT_OPTIMIZATION_LEVEL = "-Onone";
			};
			name = Debug;
		};
		9A0002 /* Release */ = {
			isa = XCBuildConfiguration;
			buildSettings = {
				ALWAYS_SEARCH_USER_PATHS = NO;
				ASSETCATALOG_COMPILER_GENERATE_SWIFT_ASSET_SYMBOL_EXTENSIONS = YES;
				CLANG_ANALYZER_NONNULL = YES;
				CLANG_ANALYZER_NUMBER_OBJECT_CONVERSION = YES_AGGRESSIVE;
				CLANG_CXX_LANGUAGE_STANDARD = "c++17";
				CLANG_ENABLE_MODULES = YES;
				CLANG_ENABLE_OBJC_ARC = YES;
				CLANG_ENABLE_OBJC_WEAK = YES;
				CLANG_WARN_BLOCK_CAPTURE_AUTORELEASING = YES;
				CLANG_WARN_BOOL_CONVERSION = YES;
				CLANG_WARN_COMMA = YES;
				CLANG_WARN_CONSTANT_CONVERSION = YES;
				CLANG_WARN_DEPRECATED_OBJC_IMPLEMENTATIONS = YES;
				CLANG_WARN_DIRECT_OBJC_ISA_USAGE = YES_ERROR;
				CLANG_WARN_DOCUMENTATION_COMMENTS = YES;
				CLANG_WARN_EMPTY_BODY = YES;
				CLANG_WARN_ENUM_CONVERSION = YES;
				CLANG_WARN_INFINITE_RECURSION = YES;
				CLANG_WARN_INT_CONVERSION = YES;
				CLANG_WARN_NON_LITERAL_NULL_CONVERSION = YES;
				CLANG_WARN_OBJC_IMPLICIT_RETAIN_SELF = YES;
				CLANG_WARN_OBJC_LITERAL_CONVERSION = YES;
				CLANG_WARN_OBJC_ROOT_CLASS = YES_ERROR;
				CLANG_WARN_QUOTED_INCLUDE_IN_FRAMEWORK_HEADER = YES;
				CLANG_WARN_RANGE_LOOP_ANALYSIS = YES;
				CLANG_WARN_STRICT_PROTOTYPES = YES;
				CLANG_WARN_SUSPICIOUS_MOVE = YES;
				CLANG_WARN_UNGUARDED_AVAILABILITY = YES_AGGRESSIVE;
				CLANG_WARN_UNREACHABLE_CODE = YES;
				CLANG_WARN__DUPLICATE_METHOD_MATCH = YES;
				COPY_PHASE_STRIP = NO;
				DEBUG_INFORMATION_FORMAT = "dwarf-with-dsym";
				ENABLE_NS_ASSERTIONS = NO;
				ENABLE_STRICT_OBJC_MSGSEND = YES;
				ENABLE_USER_SCRIPT_SANDBOXING = YES;
				GCC_C_LANGUAGE_STANDARD = gnu17;
				GCC_NO_COMMON_BLOCKS = YES;
				GCC_WARN_64_TO_32_BIT_CONVERSION = YES;
				GCC_WARN_ABOUT_RETURN_TYPE = YES_ERROR;
				GCC_WARN_UNDECLARED_SELECTOR = YES;
				GCC_WARN_UNINITIALIZED_AUTOS = YES_AGGRESSIVE;
				GCC_WARN_UNUSED_FUNCTION = YES;
				GCC_WARN_UNUSED_VARIABLE = YES;
				IPHONEOS_DEPLOYMENT_TARGET = 16.0;
				LOCALIZATION_PREFERS_STRING_CATALOGS = YES;
				MTL_ENABLE_DEBUG_INFO = NO;
				MTL_FAST_MATH = YES;
				SDKROOT = iphoneos;
				SWIFT_COMPILATION_MODE = wholemodule;
				VALIDATE_PRODUCT = YES;
			};
			name = Release;
		};
		9A0011 /* Debug */ = {
			isa = XCBuildConfiguration;
			buildSettings = {
				ASSETCATALOG_COMPILER_APPICON_NAME = AppIcon;
				ASSETCATALOG_COMPILER_GLOBAL_ACCENT_COLOR_NAME = AccentColor;
				CODE_SIGN_ENTITLEMENTS = SolunaReceiver/SolunaReceiver.entitlements;
				CODE_SIGN_STYLE = Automatic;
				CURRENT_PROJECT_VERSION = 202603182053;
				DEVELOPMENT_TEAM = 5BV85JW8US;
				ENABLE_PREVIEWS = YES;
				GENERATE_INFOPLIST_FILE = NO;
				HEADER_SEARCH_PATHS = (
					"$(SRCROOT)/../../include",
					"$(SRCROOT)/../../src",
					"$(SRCROOT)/../../build-ios/generated",
				);
				INFOPLIST_FILE = SolunaReceiver/Info.plist;
				INFOPLIST_KEY_UIApplicationSceneManifest_Generation = YES;
				INFOPLIST_KEY_UIApplicationSupportsIndirectInputEvents = YES;
				INFOPLIST_KEY_UILaunchScreen_Generation = YES;
				INFOPLIST_KEY_UISupportedInterfaceOrientations_iPad = "UIInterfaceOrientationPortrait UIInterfaceOrientationPortraitUpsideDown UIInterfaceOrientationLandscapeLeft UIInterfaceOrientationLandscapeRight";
				INFOPLIST_KEY_UISupportedInterfaceOrientations_iPhone = "UIInterfaceOrientationPortrait UIInterfaceOrientationLandscapeLeft UIInterfaceOrientationLandscapeRight";
				LD_RUNPATH_SEARCH_PATHS = (
					"$(inherited)",
					"@executable_path/Frameworks",
				);
				LIBRARY_SEARCH_PATHS = (
					"$(inherited)",
					"$(SRCROOT)/../../build-ios/$(CONFIGURATION)-$(PLATFORM_NAME)",
					"$(SRCROOT)/../../build-ios/Release-iphoneos",
				);
				MARKETING_VERSION = 1.3;
				OTHER_LDFLAGS = "-lsoluna_core";
				PRODUCT_BUNDLE_IDENTIFIER = com.soluna.SolunaReceiver;
				PRODUCT_NAME = "$(TARGET_NAME)";
				SWIFT_EMIT_LOC_STRINGS = YES;
				SWIFT_OBJC_BRIDGING_HEADER = "SolunaReceiver/Bridge/SolunaReceiver-Bridging-Header.h";
				SWIFT_VERSION = 5.0;
				TARGETED_DEVICE_FAMILY = "1,2";
			};
			name = Debug;
		};
		9A0012 /* Release */ = {
			isa = XCBuildConfiguration;
			buildSettings = {
				ASSETCATALOG_COMPILER_APPICON_NAME = AppIcon;
				ASSETCATALOG_COMPILER_GLOBAL_ACCENT_COLOR_NAME = AccentColor;
				CODE_SIGN_ENTITLEMENTS = SolunaReceiver/SolunaReceiver.entitlements;
				CODE_SIGN_STYLE = Automatic;
				CURRENT_PROJECT_VERSION = 202603182053;
				DEVELOPMENT_TEAM = 5BV85JW8US;
				ENABLE_PREVIEWS = YES;
				GENERATE_INFOPLIST_FILE = NO;
				HEADER_SEARCH_PATHS = (
					"$(SRCROOT)/../../include",
					"$(SRCROOT)/../../src",
					"$(SRCROOT)/../../build-ios/generated",
				);
				INFOPLIST_FILE = SolunaReceiver/Info.plist;
				INFOPLIST_KEY_UIApplicationSceneManifest_Generation = YES;
				INFOPLIST_KEY_UIApplicationSupportsIndirectInputEvents = YES;
				INFOPLIST_KEY_UILaunchScreen_Generation = YES;
				INFOPLIST_KEY_UISupportedInterfaceOrientations_iPad = "UIInterfaceOrientationPortrait UIInterfaceOrientationPortraitUpsideDown UIInterfaceOrientationLandscapeLeft UIInterfaceOrientationLandscapeRight";
				INFOPLIST_KEY_UISupportedInterfaceOrientations_iPhone = "UIInterfaceOrientationPortrait UIInterfaceOrientationLandscapeLeft UIInterfaceOrientationLandscapeRight";
				LD_RUNPATH_SEARCH_PATHS = (
					"$(inherited)",
					"@executable_path/Frameworks",
				);
				LIBRARY_SEARCH_PATHS = (
					"$(inherited)",
					"$(SRCROOT)/../../build-ios/$(CONFIGURATION)-$(PLATFORM_NAME)",
					"$(SRCROOT)/../../build-ios/Release-iphoneos",
				);
				MARKETING_VERSION = 1.3;
				OTHER_LDFLAGS = "-lsoluna_core";
				PRODUCT_BUNDLE_IDENTIFIER = com.soluna.SolunaReceiver;
				PRODUCT_NAME = "$(TARGET_NAME)";
				SWIFT_EMIT_LOC_STRINGS = YES;
				SWIFT_OBJC_BRIDGING_HEADER = "SolunaReceiver/Bridge/SolunaReceiver-Bridging-Header.h";
				SWIFT_VERSION = 5.0;
				TARGETED_DEVICE_FAMILY = "1,2";
			};
			name = Release;
		};
		9AW001 /* Debug */ = {
			isa = XCBuildConfiguration;
			buildSettings = {
				ASSETCATALOG_COMPILER_APPICON_NAME = AppIcon;
				ASSETCATALOG_COMPILER_GLOBAL_ACCENT_COLOR_NAME = AccentColor;
				CODE_SIGN_STYLE = Automatic;
				CURRENT_PROJECT_VERSION = 202603182053;
				DEVELOPMENT_TEAM = 5BV85JW8US;
				ENABLE_PREVIEWS = YES;
				GENERATE_INFOPLIST_FILE = YES;
				INFOPLIST_KEY_CFBundleDisplayName = SolunaWatch;
				INFOPLIST_KEY_WKCompanionAppBundleIdentifier = com.soluna.SolunaReceiver;
				MARKETING_VERSION = 1.3;
				PRODUCT_BUNDLE_IDENTIFIER = com.soluna.SolunaReceiver.watchkitapp;
				PRODUCT_NAME = "$(TARGET_NAME)";
				SDKROOT = watchos;
				SKIP_INSTALL = YES;
				SWIFT_EMIT_LOC_STRINGS = YES;
				SWIFT_VERSION = 5.0;
				TARGETED_DEVICE_FAMILY = 4;
				WATCHOS_DEPLOYMENT_TARGET = 9.0;
			};
			name = Debug;
		};
		9AW002 /* Release */ = {
			isa = XCBuildConfiguration;
			buildSettings = {
				ASSETCATALOG_COMPILER_APPICON_NAME = AppIcon;
				ASSETCATALOG_COMPILER_GLOBAL_ACCENT_COLOR_NAME = AccentColor;
				CODE_SIGN_STYLE = Automatic;
				CURRENT_PROJECT_VERSION = 202603182053;
				DEVELOPMENT_TEAM = 5BV85JW8US;
				ENABLE_PREVIEWS = YES;
				GENERATE_INFOPLIST_FILE = YES;
				INFOPLIST_KEY_CFBundleDisplayName = SolunaWatch;
				INFOPLIST_KEY_WKCompanionAppBundleIdentifier = com.soluna.SolunaReceiver;
				MARKETING_VERSION = 1.3;
				PRODUCT_BUNDLE_IDENTIFIER = com.soluna.SolunaReceiver.watchkitapp;
				PRODUCT_NAME = "$(TARGET_NAME)";
				SDKROOT = watchos;
				SKIP_INSTALL = YES;
				SWIFT_EMIT_LOC_STRINGS = YES;
				SWIFT_VERSION = 5.0;
				TARGETED_DEVICE_FAMILY = 4;
				WATCHOS_DEPLOYMENT_TARGET = 9.0;
			};
			name = Release;
		};
/* End XCBuildConfiguration section */

/* Begin XCConfigurationList section */
		7A0000 /* Build configuration list for PBXNativeTarget "SolunaReceiver" */ = {
			isa = XCConfigurationList;
			buildConfigurations = (
				9A0011 /* Debug */,
				9A0012 /* Release */,
			);
			defaultConfigurationIsVisible = 0;
			defaultConfigurationName = Release;
		};
		7A0010 /* Build configuration list for PBXProject "SolunaReceiver" */ = {
			isa = XCConfigurationList;
			buildConfigurations = (
				9A0001 /* Debug */,
				9A0002 /* Release */,
			);
			defaultConfigurationIsVisible = 0;
			defaultConfigurationName = Release;
		};
		7AW000 /* Build configuration list for PBXNativeTarget "SolunaWatch" */ = {
			isa = XCConfigurationList;
			buildConfigurations = (
				9AW001 /* Debug */,
				9AW002 /* Release */,
			);
			defaultConfigurationIsVisible = 0;
			defaultConfigurationName = Release;
		};
/* End XCConfigurationList section */
	};
	rootObject = 8A0000 /* Project object */;
}
