// !$*UTF8*$!
{
	archiveVersion = 1;
	classes = {
	};
	objectVersion = 56;
	objects = {

/* Begin PBXBuildFile section */
		09F07383067CAFC71F1AA8E3 /* DeviceBrowserView.swift in Sources */ = {isa = PBXBuildFile; fileRef = F5A97C68C624EF649C481264 /* DeviceBrowserView.swift */; };
		1A0001 /* SolunaReceiverApp.swift in Sources */ = {isa = PBXBuildFile; fileRef = 2A0001 /* SolunaReceiverApp.swift */; };
		1A0002 /* ContentView.swift in Sources */ = {isa = PBXBuildFile; fileRef = 2A0002 /* ContentView.swift */; };
		1A0003 /* AudioReceiver.swift in Sources */ = {isa = PBXBuildFile; fileRef = 2A0003 /* AudioReceiver.swift */; };
		1A0004 /* AudioReceiverBridge.mm in Sources */ = {isa = PBXBuildFile; fileRef = 2A0004 /* AudioReceiverBridge.mm */; };
		SD0002 /* SDKAudioReceiver.swift in Sources */ = {isa = PBXBuildFile; fileRef = SD0001 /* SDKAudioReceiver.swift */; };
		1A0005 /* SettingsView.swift in Sources */ = {isa = PBXBuildFile; fileRef = 2A0008 /* SettingsView.swift */; };
		1A0006 /* Assets.xcassets in Resources */ = {isa = PBXBuildFile; fileRef = 2A0009 /* Assets.xcassets */; };
		1A0010 /* CoreAudio.framework in Frameworks */ = {isa = PBXBuildFile; fileRef = 2A0010 /* CoreAudio.framework */; };
		1A0011 /* AudioToolbox.framework in Frameworks */ = {isa = PBXBuildFile; fileRef = 2A0011 /* AudioToolbox.framework */; };
		1A0013 /* AVFoundation.framework in Frameworks */ = {isa = PBXBuildFile; fileRef = 2A0013 /* AVFoundation.framework */; };
		1A0014 /* CoreFoundation.framework in Frameworks */ = {isa = PBXBuildFile; fileRef = 2A0014 /* CoreFoundation.framework */; };
		1A0015 /* Accelerate.framework in Frameworks */ = {isa = PBXBuildFile; fileRef = 2A0015 /* Accelerate.framework */; };
		1A0016 /* ScreenCaptureKit.framework in Frameworks */ = {isa = PBXBuildFile; fileRef = 2A0016 /* ScreenCaptureKit.framework */; };
		1A0020 /* DaemonClient.swift in Sources */ = {isa = PBXBuildFile; fileRef = 2A0020 /* DaemonClient.swift */; };
		1A0030 /* SpeakersController.swift in Sources */ = {isa = PBXBuildFile; fileRef = 2A0030 /* SpeakersController.swift */; };
		1A0040 /* PeerRelayManager.swift in Sources */ = {isa = PBXBuildFile; fileRef = 2A0040 /* PeerRelayManager.swift */; };
		1A0041 /* SolunaAppIntents.swift in Sources */ = {isa = PBXBuildFile; fileRef = 2A0041 /* SolunaAppIntents.swift */; };
		1A0042 /* RemoteControlServer.swift in Sources */ = {isa = PBXBuildFile; fileRef = 2A0042 /* RemoteControlServer.swift */; };
		1A0050 /* PrivacyInfo.xcprivacy in Resources */ = {isa = PBXBuildFile; fileRef = 2A0050 /* PrivacyInfo.xcprivacy */; };
		1A0051 /* PlayerModel.swift in Sources */ = {isa = PBXBuildFile; fileRef = 2A0051 /* PlayerModel.swift */; };
		1A0052 /* PlayerView.swift in Sources */ = {isa = PBXBuildFile; fileRef = 2A0052 /* PlayerView.swift */; };
		1A0062 /* ChannelStore.swift in Sources */ = {isa = PBXBuildFile; fileRef = 2A0062 /* ChannelStore.swift */; };
		1A0063 /* ChannelPurchaseView.swift in Sources */ = {isa = PBXBuildFile; fileRef = 2A0063 /* ChannelPurchaseView.swift */; };
		1A0070 /* SystemAudioCapture.swift in Sources */ = {isa = PBXBuildFile; fileRef = 2A0070 /* SystemAudioCapture.swift */; };
		1A0071 /* MultiChannelConfig.swift in Sources */ = {isa = PBXBuildFile; fileRef = 2A0071 /* MultiChannelConfig.swift */; };
		1A0072 /* DJModeView.swift in Sources */ = {isa = PBXBuildFile; fileRef = 2A0072 /* DJModeView.swift */; };
		5C11656A77FB0335DB65E557 /* DebugOverlayView.swift in Sources */ = {isa = PBXBuildFile; fileRef = 4900F20A43B70049A6331F54 /* DebugOverlayView.swift */; };
		743C8681E1C94ED850959E77 /* SolunaTheme.swift in Sources */ = {isa = PBXBuildFile; fileRef = A47E8DA98D4B778AD22C4AB0 /* SolunaTheme.swift */; };
		C8145EDE67A8100D20F243AA /* EmailLoginView.swift in Sources */ = {isa = PBXBuildFile; fileRef = E6C8CB1101F54DD18CAC44B0 /* EmailLoginView.swift */; };
		CBE3FB2B4463 /* ChannelBrowserView.swift in Sources */ = {isa = PBXBuildFile; fileRef = CBD56C074C1D /* ChannelBrowserView.swift */; };
		F6A5043AD6A6B2F87C632842 /* AuthManager.swift in Sources */ = {isa = PBXBuildFile; fileRef = 30DF3249D4E2E9E07573C11B /* AuthManager.swift */; };
		GD0010 /* GlobalDeviceRegistry.swift in Sources */ = {isa = PBXBuildFile; fileRef = GD0011 /* GlobalDeviceRegistry.swift */; };
		GD0012 /* GlobalDevicePickerView.swift in Sources */ = {isa = PBXBuildFile; fileRef = GD0013 /* GlobalDevicePickerView.swift */; };
		DB0002 /* DashboardServer.swift in Sources */ = {isa = PBXBuildFile; fileRef = DB0001 /* DashboardServer.swift */; };
		CS0001 /* ClockSync.swift in Sources */ = {isa = PBXBuildFile; fileRef = CS0002 /* ClockSync.swift */; };
/* End PBXBuildFile section */

/* Begin PBXFileReference section */
		2A0001 /* SolunaReceiverApp.swift */ = {isa = PBXFileReference; lastKnownFileType = sourcecode.swift; path = SolunaReceiverApp.swift; sourceTree = "<group>"; };
		2A0002 /* ContentView.swift */ = {isa = PBXFileReference; lastKnownFileType = sourcecode.swift; path = ContentView.swift; sourceTree = "<group>"; };
		2A0003 /* AudioReceiver.swift */ = {isa = PBXFileReference; lastKnownFileType = sourcecode.swift; path = AudioReceiver.swift; sourceTree = "<group>"; };
		SD0001 /* SDKAudioReceiver.swift */ = {isa = PBXFileReference; lastKnownFileType = sourcecode.swift; path = SDKAudioReceiver.swift; sourceTree = "<group>"; };
		2A0004 /* AudioReceiverBridge.mm */ = {isa = PBXFileReference; lastKnownFileType = sourcecode.cpp.objcpp; path = AudioReceiverBridge.mm; sourceTree = "<group>"; };
		2A0005 /* AudioReceiverBridge.h */ = {isa = PBXFileReference; lastKnownFileType = sourcecode.c.h; path = AudioReceiverBridge.h; sourceTree = "<group>"; };
		2A0006 /* SolunaReceiver-Bridging-Header.h */ = {isa = PBXFileReference; lastKnownFileType = sourcecode.c.h; path = "SolunaReceiver-Bridging-Header.h"; sourceTree = "<group>"; };
		2A0007 /* Info.plist */ = {isa = PBXFileReference; lastKnownFileType = text.plist.xml; path = Info.plist; sourceTree = "<group>"; };
		2A0008 /* SettingsView.swift */ = {isa = PBXFileReference; lastKnownFileType = sourcecode.swift; path = SettingsView.swift; sourceTree = "<group>"; };
		2A0009 /* Assets.xcassets */ = {isa = PBXFileReference; lastKnownFileType = folder.assetcatalog; path = Assets.xcassets; sourceTree = "<group>"; };
		2A0010 /* CoreAudio.framework */ = {isa = PBXFileReference; lastKnownFileType = wrapper.framework; name = CoreAudio.framework; path = System/Library/Frameworks/CoreAudio.framework; sourceTree = SDKROOT; };
		2A0011 /* AudioToolbox.framework */ = {isa = PBXFileReference; lastKnownFileType = wrapper.framework; name = AudioToolbox.framework; path = System/Library/Frameworks/AudioToolbox.framework; sourceTree = SDKROOT; };
		2A0013 /* AVFoundation.framework */ = {isa = PBXFileReference; lastKnownFileType = wrapper.framework; name = AVFoundation.framework; path = System/Library/Frameworks/AVFoundation.framework; sourceTree = SDKROOT; };
		2A0014 /* CoreFoundation.framework */ = {isa = PBXFileReference; lastKnownFileType = wrapper.framework; name = CoreFoundation.framework; path = System/Library/Frameworks/CoreFoundation.framework; sourceTree = SDKROOT; };
		2A0015 /* Accelerate.framework */ = {isa = PBXFileReference; lastKnownFileType = wrapper.framework; name = Accelerate.framework; path = System/Library/Frameworks/Accelerate.framework; sourceTree = SDKROOT; };
		2A0016 /* ScreenCaptureKit.framework */ = {isa = PBXFileReference; lastKnownFileType = wrapper.framework; name = ScreenCaptureKit.framework; path = System/Library/Frameworks/ScreenCaptureKit.framework; sourceTree = SDKROOT; };
		2A0020 /* DaemonClient.swift */ = {isa = PBXFileReference; lastKnownFileType = sourcecode.swift; path = DaemonClient.swift; sourceTree = "<group>"; };
		2A0030 /* SpeakersController.swift */ = {isa = PBXFileReference; lastKnownFileType = sourcecode.swift; path = SpeakersController.swift; sourceTree = "<group>"; };
		2A0040 /* PeerRelayManager.swift */ = {isa = PBXFileReference; lastKnownFileType = sourcecode.swift; path = PeerRelayManager.swift; sourceTree = "<group>"; };
		2A0041 /* SolunaAppIntents.swift */ = {isa = PBXFileReference; lastKnownFileType = sourcecode.swift; path = SolunaAppIntents.swift; sourceTree = "<group>"; };
		2A0042 /* RemoteControlServer.swift */ = {isa = PBXFileReference; lastKnownFileType = sourcecode.swift; path = RemoteControlServer.swift; sourceTree = "<group>"; };
		2A0050 /* PrivacyInfo.xcprivacy */ = {isa = PBXFileReference; lastKnownFileType = text.xml; path = PrivacyInfo.xcprivacy; sourceTree = "<group>"; };
		2A0051 /* PlayerModel.swift */ = {isa = PBXFileReference; lastKnownFileType = sourcecode.swift; path = PlayerModel.swift; sourceTree = "<group>"; };
		2A0052 /* PlayerView.swift */ = {isa = PBXFileReference; lastKnownFileType = sourcecode.swift; path = PlayerView.swift; sourceTree = "<group>"; };
		2A0060 /* SolunaReceiverMac.entitlements */ = {isa = PBXFileReference; lastKnownFileType = text.plist.entitlements; path = SolunaReceiverMac.entitlements; sourceTree = "<group>"; };
		2A0062 /* ChannelStore.swift */ = {isa = PBXFileReference; lastKnownFileType = sourcecode.swift; path = ChannelStore.swift; sourceTree = "<group>"; };
		2A0063 /* ChannelPurchaseView.swift */ = {isa = PBXFileReference; lastKnownFileType = sourcecode.swift; path = ChannelPurchaseView.swift; sourceTree = "<group>"; };
		2A0070 /* SystemAudioCapture.swift */ = {isa = PBXFileReference; lastKnownFileType = sourcecode.swift; path = SystemAudioCapture.swift; sourceTree = "<group>"; };
		2A0071 /* MultiChannelConfig.swift */ = {isa = PBXFileReference; lastKnownFileType = sourcecode.swift; path = MultiChannelConfig.swift; sourceTree = "<group>"; };
		2A0072 /* DJModeView.swift */ = {isa = PBXFileReference; lastKnownFileType = sourcecode.swift; path = DJModeView.swift; sourceTree = "<group>"; };
		30DF3249D4E2E9E07573C11B /* AuthManager.swift */ = {isa = PBXFileReference; includeInIndex = 1; lastKnownFileType = sourcecode.swift; path = AuthManager.swift; sourceTree = "<group>"; };
		3A0000 /* SolunaReceiverMac.app */ = {isa = PBXFileReference; explicitFileType = wrapper.application; includeInIndex = 0; path = SolunaReceiverMac.app; sourceTree = BUILT_PRODUCTS_DIR; };
		4900F20A43B70049A6331F54 /* DebugOverlayView.swift */ = {isa = PBXFileReference; includeInIndex = 1; lastKnownFileType = sourcecode.swift; path = DebugOverlayView.swift; sourceTree = "<group>"; };
		A47E8DA98D4B778AD22C4AB0 /* SolunaTheme.swift */ = {isa = PBXFileReference; includeInIndex = 1; lastKnownFileType = sourcecode.swift; path = SolunaTheme.swift; sourceTree = "<group>"; };
		CBD56C074C1D /* ChannelBrowserView.swift */ = {isa = PBXFileReference; lastKnownFileType = sourcecode.swift; path = ChannelBrowserView.swift; sourceTree = "<group>"; };
		E6C8CB1101F54DD18CAC44B0 /* EmailLoginView.swift */ = {isa = PBXFileReference; includeInIndex = 1; lastKnownFileType = sourcecode.swift; path = EmailLoginView.swift; sourceTree = "<group>"; };
		F5A97C68C624EF649C481264 /* DeviceBrowserView.swift */ = {isa = PBXFileReference; includeInIndex = 1; lastKnownFileType = sourcecode.swift; path = DeviceBrowserView.swift; sourceTree = "<group>"; };
		GD0011 /* GlobalDeviceRegistry.swift */ = {isa = PBXFileReference; includeInIndex = 1; lastKnownFileType = sourcecode.swift; path = GlobalDeviceRegistry.swift; sourceTree = "<group>"; };
		GD0013 /* GlobalDevicePickerView.swift */ = {isa = PBXFileReference; includeInIndex = 1; lastKnownFileType = sourcecode.swift; path = GlobalDevicePickerView.swift; sourceTree = "<group>"; };
		DB0001 /* DashboardServer.swift */ = {isa = PBXFileReference; lastKnownFileType = sourcecode.swift; path = DashboardServer.swift; sourceTree = "<group>"; };
		CS0002 /* ClockSync.swift */ = {isa = PBXFileReference; lastKnownFileType = sourcecode.swift; path = ClockSync.swift; sourceTree = "<group>"; };
/* End PBXFileReference section */

/* Begin PBXFrameworksBuildPhase section */
		4A0001 /* Frameworks */ = {
			isa = PBXFrameworksBuildPhase;
			buildActionMask = 2147483647;
			files = (
				1A0010 /* CoreAudio.framework in Frameworks */,
				1A0011 /* AudioToolbox.framework in Frameworks */,
				1A0013 /* AVFoundation.framework in Frameworks */,
				1A0014 /* CoreFoundation.framework in Frameworks */,
				1A0015 /* Accelerate.framework in Frameworks */,
				1A0016 /* ScreenCaptureKit.framework in Frameworks */,
			);
			runOnlyForDeploymentPostprocessing = 0;
		};
/* End PBXFrameworksBuildPhase section */

/* Begin PBXGroup section */
		5A0000 = {
			isa = PBXGroup;
			children = (
				5A0001 /* SolunaReceiverMac */,
				5A0002 /* Frameworks */,
				5A0003 /* Products */,
			);
			sourceTree = "<group>";
		};
		5A0001 /* SolunaReceiverMac */ = {
			isa = PBXGroup;
			children = (
				2A0001 /* SolunaReceiverApp.swift */,
				2A0002 /* ContentView.swift */,
				2A0008 /* SettingsView.swift */,
				2A0003 /* AudioReceiver.swift */,
				SD0001 /* SDKAudioReceiver.swift */,
				CS0002 /* ClockSync.swift */,
				2A0020 /* DaemonClient.swift */,
				2A0030 /* SpeakersController.swift */,
				2A0040 /* PeerRelayManager.swift */,
				2A0041 /* SolunaAppIntents.swift */,
				2A0042 /* RemoteControlServer.swift */,
				2A0051 /* PlayerModel.swift */,
				2A0052 /* PlayerView.swift */,
				2A0070 /* SystemAudioCapture.swift */,
				2A0071 /* MultiChannelConfig.swift */,
				2A0072 /* DJModeView.swift */,
				2A0062 /* ChannelStore.swift */,
				CBD56C074C1D /* ChannelBrowserView.swift */,
				2A0063 /* ChannelPurchaseView.swift */,
				5A0010 /* Bridge */,
				2A0009 /* Assets.xcassets */,
				2A0050 /* PrivacyInfo.xcprivacy */,
				2A0060 /* SolunaReceiverMac.entitlements */,
				2A0007 /* Info.plist */,
				A47E8DA98D4B778AD22C4AB0 /* SolunaTheme.swift */,
				30DF3249D4E2E9E07573C11B /* AuthManager.swift */,
				E6C8CB1101F54DD18CAC44B0 /* EmailLoginView.swift */,
				F5A97C68C624EF649C481264 /* DeviceBrowserView.swift */,
				GD0011 /* GlobalDeviceRegistry.swift */,
				GD0013 /* GlobalDevicePickerView.swift */,
				4900F20A43B70049A6331F54 /* DebugOverlayView.swift */,
				DB0001 /* DashboardServer.swift */,
			);
			path = SolunaReceiverMac;
			sourceTree = "<group>";
		};
		5A0002 /* Frameworks */ = {
			isa = PBXGroup;
			children = (
				2A0010 /* CoreAudio.framework */,
				2A0011 /* AudioToolbox.framework */,
				2A0013 /* AVFoundation.framework */,
				2A0014 /* CoreFoundation.framework */,
				2A0015 /* Accelerate.framework */,
				2A0016 /* ScreenCaptureKit.framework */,
			);
			name = Frameworks;
			sourceTree = "<group>";
		};
		5A0003 /* Products */ = {
			isa = PBXGroup;
			children = (
				3A0000 /* SolunaReceiverMac.app */,
			);
			name = Products;
			sourceTree = "<group>";
		};
		5A0010 /* Bridge */ = {
			isa = PBXGroup;
			children = (
				2A0006 /* SolunaReceiver-Bridging-Header.h */,
				2A0005 /* AudioReceiverBridge.h */,
				2A0004 /* AudioReceiverBridge.mm */,
			);
			path = Bridge;
			sourceTree = "<group>";
		};
/* End PBXGroup section */

/* Begin PBXNativeTarget section */
		6A0000 /* SolunaReceiverMac */ = {
			isa = PBXNativeTarget;
			buildConfigurationList = 7A0000 /* Build configuration list for PBXNativeTarget "SolunaReceiverMac" */;
			buildPhases = (
				6A0001 /* Sources */,
				4A0001 /* Frameworks */,
				6A0002 /* Resources */,
			);
			buildRules = (
			);
			dependencies = (
			);
			name = SolunaReceiverMac;
			productName = SolunaReceiverMac;
			productReference = 3A0000 /* SolunaReceiverMac.app */;
			productType = "com.apple.product-type.application";
		};
/* End PBXNativeTarget section */

/* Begin PBXProject section */
		8A0000 /* Project object */ = {
			isa = PBXProject;
			attributes = {
				BuildIndependentTargetsInParallel = 1;
				LastSwiftUpdateCheck = 1500;
				LastUpgradeCheck = 1500;
				TargetAttributes = {
					6A0000 = {
						CreatedOnToolsVersion = 15.0;
						LastSwiftMigration = 1500;
					};
				};
			};
			buildConfigurationList = 7A0010 /* Build configuration list for PBXProject "SolunaReceiverMac" */;
			compatibilityVersion = "Xcode 14.0";
			developmentRegion = en;
			hasScannedForEncodings = 0;
			knownRegions = (
				en,
				Base,
			);
			mainGroup = 5A0000;
			productRefGroup = 5A0003 /* Products */;
			projectDirPath = "";
			projectRoot = "";
			targets = (
				6A0000 /* SolunaReceiverMac */,
			);
		};
/* End PBXProject section */

/* Begin PBXResourcesBuildPhase section */
		6A0002 /* Resources */ = {
			isa = PBXResourcesBuildPhase;
			buildActionMask = 2147483647;
			files = (
				1A0006 /* Assets.xcassets in Resources */,
				1A0050 /* PrivacyInfo.xcprivacy in Resources */,
			);
			runOnlyForDeploymentPostprocessing = 0;
		};
/* End PBXResourcesBuildPhase section */

/* Begin PBXSourcesBuildPhase section */
		6A0001 /* Sources */ = {
			isa = PBXSourcesBuildPhase;
			buildActionMask = 2147483647;
			files = (
				1A0001 /* SolunaReceiverApp.swift in Sources */,
				1A0002 /* ContentView.swift in Sources */,
				1A0005 /* SettingsView.swift in Sources */,
				1A0003 /* AudioReceiver.swift in Sources */,
				1A0020 /* DaemonClient.swift in Sources */,
				1A0030 /* SpeakersController.swift in Sources */,
				1A0040 /* PeerRelayManager.swift in Sources */,
				1A0041 /* SolunaAppIntents.swift in Sources */,
				1A0042 /* RemoteControlServer.swift in Sources */,
				1A0051 /* PlayerModel.swift in Sources */,
				1A0052 /* PlayerView.swift in Sources */,
				1A0004 /* AudioReceiverBridge.mm in Sources */,
				SD0002 /* SDKAudioReceiver.swift in Sources */,
				CS0001 /* ClockSync.swift in Sources */,
				1A0070 /* SystemAudioCapture.swift in Sources */,
				1A0071 /* MultiChannelConfig.swift in Sources */,
				1A0072 /* DJModeView.swift in Sources */,
				1A0062 /* ChannelStore.swift in Sources */,
				CBE3FB2B4463 /* ChannelBrowserView.swift in Sources */,
				1A0063 /* ChannelPurchaseView.swift in Sources */,
				743C8681E1C94ED850959E77 /* SolunaTheme.swift in Sources */,
				F6A5043AD6A6B2F87C632842 /* AuthManager.swift in Sources */,
				C8145EDE67A8100D20F243AA /* EmailLoginView.swift in Sources */,
				09F07383067CAFC71F1AA8E3 /* DeviceBrowserView.swift in Sources */,
				GD0010 /* GlobalDeviceRegistry.swift in Sources */,
				GD0012 /* GlobalDevicePickerView.swift in Sources */,
				5C11656A77FB0335DB65E557 /* DebugOverlayView.swift in Sources */,
				DB0002 /* DashboardServer.swift in Sources */,
			);
			runOnlyForDeploymentPostprocessing = 0;
		};
/* End PBXSourcesBuildPhase section */

/* Begin XCBuildConfiguration section */
		9A0001 /* Debug */ = {
			isa = XCBuildConfiguration;
			buildSettings = {
				ALWAYS_SEARCH_USER_PATHS = NO;
				ASSETCATALOG_COMPILER_GENERATE_SWIFT_ASSET_SYMBOL_EXTENSIONS = YES;
				CLANG_ANALYZER_NONNULL = YES;
				CLANG_ANALYZER_NUMBER_OBJECT_CONVERSION = YES_AGGRESSIVE;
				CLANG_CXX_LANGUAGE_STANDARD = "c++17";
				CLANG_ENABLE_MODULES = YES;
				CLANG_ENABLE_OBJC_ARC = YES;
				CLANG_ENABLE_OBJC_WEAK = YES;
				CLANG_WARN_BLOCK_CAPTURE_AUTORELEASING = YES;
				CLANG_WARN_BOOL_CONVERSION = YES;
				CLANG_WARN_COMMA = YES;
				CLANG_WARN_CONSTANT_CONVERSION = YES;
				CLANG_WARN_DEPRECATED_OBJC_IMPLEMENTATIONS = YES;
				CLANG_WARN_DIRECT_OBJC_ISA_USAGE = YES_ERROR;
				CLANG_WARN_DOCUMENTATION_COMMENTS = YES;
				CLANG_WARN_EMPTY_BODY = YES;
				CLANG_WARN_ENUM_CONVERSION = YES;
				CLANG_WARN_INFINITE_RECURSION = YES;
				CLANG_WARN_INT_CONVERSION = YES;
				CLANG_WARN_NON_LITERAL_NULL_CONVERSION = YES;
				CLANG_WARN_OBJC_IMPLICIT_RETAIN_SELF = YES;
				CLANG_WARN_OBJC_LITERAL_CONVERSION = YES;
				CLANG_WARN_OBJC_ROOT_CLASS = YES_ERROR;
				CLANG_WARN_QUOTED_INCLUDE_IN_FRAMEWORK_HEADER = YES;
				CLANG_WARN_RANGE_LOOP_ANALYSIS = YES;
				CLANG_WARN_STRICT_PROTOTYPES = YES;
				CLANG_WARN_SUSPICIOUS_MOVE = YES;
				CLANG_WARN_UNGUARDED_AVAILABILITY = YES_AGGRESSIVE;
				CLANG_WARN_UNREACHABLE_CODE = YES;
				CLANG_WARN__DUPLICATE_METHOD_MATCH = YES;
				COPY_PHASE_STRIP = NO;
				DEBUG_INFORMATION_FORMAT = dwarf;
				ENABLE_STRICT_OBJC_MSGSEND = YES;
				ENABLE_TESTABILITY = YES;
				ENABLE_USER_SCRIPT_SANDBOXING = YES;
				GCC_C_LANGUAGE_STANDARD = gnu17;
				GCC_DYNAMIC_NO_PIC = NO;
				GCC_NO_COMMON_BLOCKS = YES;
				GCC_OPTIMIZATION_LEVEL = 0;
				GCC_PREPROCESSOR_DEFINITIONS = (
					"DEBUG=1",
					"$(inherited)",
				);
				GCC_WARN_64_TO_32_BIT_CONVERSION = YES;
				GCC_WARN_ABOUT_RETURN_TYPE = YES_ERROR;
				GCC_WARN_UNDECLARED_SELECTOR = YES;
				GCC_WARN_UNINITIALIZED_AUTOS = YES_AGGRESSIVE;
				GCC_WARN_UNUSED_FUNCTION = YES;
				GCC_WARN_UNUSED_VARIABLE = YES;
				LOCALIZATION_PREFERS_STRING_CATALOGS = YES;
				MACOSX_DEPLOYMENT_TARGET = 13.0;
				MTL_ENABLE_DEBUG_INFO = INCLUDE_SOURCE;
				MTL_FAST_MATH = YES;
				ONLY_ACTIVE_ARCH = YES;
				SDKROOT = macosx;
				SWIFT_ACTIVE_COMPILATION_CONDITIONS = "DEBUG $(inherited)";
				SWIFT_OPTIMIZATION_LEVEL = "-Onone";
			};
			name = Debug;
		};
		9A0002 /* Release */ = {
			isa = XCBuildConfiguration;
			buildSettings = {
				ALWAYS_SEARCH_USER_PATHS = NO;
				ASSETCATALOG_COMPILER_GENERATE_SWIFT_ASSET_SYMBOL_EXTENSIONS = YES;
				CLANG_ANALYZER_NONNULL = YES;
				CLANG_ANALYZER_NUMBER_OBJECT_CONVERSION = YES_AGGRESSIVE;
				CLANG_CXX_LANGUAGE_STANDARD = "c++17";
				CLANG_ENABLE_MODULES = YES;
				CLANG_ENABLE_OBJC_ARC = YES;
				CLANG_ENABLE_OBJC_WEAK = YES;
				CLANG_WARN_BLOCK_CAPTURE_AUTORELEASING = YES;
				CLANG_WARN_BOOL_CONVERSION = YES;
				CLANG_WARN_COMMA = YES;
				CLANG_WARN_CONSTANT_CONVERSION = YES;
				CLANG_WARN_DEPRECATED_OBJC_IMPLEMENTATIONS = YES;
				CLANG_WARN_DIRECT_OBJC_ISA_USAGE = YES_ERROR;
				CLANG_WARN_DOCUMENTATION_COMMENTS = YES;
				CLANG_WARN_EMPTY_BODY = YES;
				CLANG_WARN_ENUM_CONVERSION = YES;
				CLANG_WARN_INFINITE_RECURSION = YES;
				CLANG_WARN_INT_CONVERSION = YES;
				CLANG_WARN_NON_LITERAL_NULL_CONVERSION = YES;
				CLANG_WARN_OBJC_IMPLICIT_RETAIN_SELF = YES;
				CLANG_WARN_OBJC_LITERAL_CONVERSION = YES;
				CLANG_WARN_OBJC_ROOT_CLASS = YES_ERROR;
				CLANG_WARN_QUOTED_INCLUDE_IN_FRAMEWORK_HEADER = YES;
				CLANG_WARN_RANGE_LOOP_ANALYSIS = YES;
				CLANG_WARN_STRICT_PROTOTYPES = YES;
				CLANG_WARN_SUSPICIOUS_MOVE = YES;
				CLANG_WARN_UNGUARDED_AVAILABILITY = YES_AGGRESSIVE;
				CLANG_WARN_UNREACHABLE_CODE = YES;
				CLANG_WARN__DUPLICATE_METHOD_MATCH = YES;
				COPY_PHASE_STRIP = NO;
				DEBUG_INFORMATION_FORMAT = "dwarf-with-dsym";
				ENABLE_NS_ASSERTIONS = NO;
				ENABLE_STRICT_OBJC_MSGSEND = YES;
				ENABLE_USER_SCRIPT_SANDBOXING = YES;
				GCC_C_LANGUAGE_STANDARD = gnu17;
				GCC_NO_COMMON_BLOCKS = YES;
				GCC_WARN_64_TO_32_BIT_CONVERSION = YES;
				GCC_WARN_ABOUT_RETURN_TYPE = YES_ERROR;
				GCC_WARN_UNDECLARED_SELECTOR = YES;
				GCC_WARN_UNINITIALIZED_AUTOS = YES_AGGRESSIVE;
				GCC_WARN_UNUSED_FUNCTION = YES;
				GCC_WARN_UNUSED_VARIABLE = YES;
				LOCALIZATION_PREFERS_STRING_CATALOGS = YES;
				MACOSX_DEPLOYMENT_TARGET = 13.0;
				MTL_ENABLE_DEBUG_INFO = NO;
				MTL_FAST_MATH = YES;
				SDKROOT = macosx;
				SWIFT_COMPILATION_MODE = wholemodule;
				VALIDATE_PRODUCT = YES;
			};
			name = Release;
		};
		9A0011 /* Debug */ = {
			isa = XCBuildConfiguration;
			buildSettings = {
				ASSETCATALOG_COMPILER_APPICON_NAME = AppIcon;
				ASSETCATALOG_COMPILER_GLOBAL_ACCENT_COLOR_NAME = AccentColor;
				CODE_SIGN_ENTITLEMENTS = SolunaReceiverMac/SolunaReceiverMac.entitlements;
				CODE_SIGN_STYLE = Automatic;
				COMBINE_HIDPI_IMAGES = YES;
				CURRENT_PROJECT_VERSION = 202603032339;
				DEVELOPMENT_TEAM = 5BV85JW8US;
				ENABLE_HARDENED_RUNTIME = YES;
				ENABLE_PREVIEWS = YES;
				GENERATE_INFOPLIST_FILE = NO;
				HEADER_SEARCH_PATHS = (
					"$(SRCROOT)/../../include",
					"$(SRCROOT)/../../src",
					"$(SRCROOT)/../../build-mac/generated",
				);
				INFOPLIST_FILE = SolunaReceiverMac/Info.plist;
				LD_RUNPATH_SEARCH_PATHS = (
					"$(inherited)",
					"@executable_path/../Frameworks",
				);
				LIBRARY_SEARCH_PATHS = (
					"$(inherited)",
					"$(SRCROOT)/../../build-mac",
				);
				MARKETING_VERSION = 1.0;
				OTHER_LDFLAGS = "-lsoluna_core";
				PRODUCT_BUNDLE_IDENTIFIER = com.soluna.Soluna;
				PRODUCT_NAME = Soluna;
				SWIFT_EMIT_LOC_STRINGS = YES;
				SWIFT_OBJC_BRIDGING_HEADER = "SolunaReceiverMac/Bridge/SolunaReceiver-Bridging-Header.h";
				SWIFT_VERSION = 5.0;
			};
			name = Debug;
		};
		9A0012 /* Release */ = {
			isa = XCBuildConfiguration;
			buildSettings = {
				ASSETCATALOG_COMPILER_APPICON_NAME = AppIcon;
				ASSETCATALOG_COMPILER_GLOBAL_ACCENT_COLOR_NAME = AccentColor;
				CODE_SIGN_ENTITLEMENTS = SolunaReceiverMac/SolunaReceiverMac.entitlements;
				CODE_SIGN_STYLE = Automatic;
				COMBINE_HIDPI_IMAGES = YES;
				CURRENT_PROJECT_VERSION = 202603032339;
				DEVELOPMENT_TEAM = 5BV85JW8US;
				ENABLE_HARDENED_RUNTIME = YES;
				ENABLE_PREVIEWS = YES;
				GENERATE_INFOPLIST_FILE = NO;
				HEADER_SEARCH_PATHS = (
					"$(SRCROOT)/../../include",
					"$(SRCROOT)/../../src",
					"$(SRCROOT)/../../build-mac/generated",
				);
				INFOPLIST_FILE = SolunaReceiverMac/Info.plist;
				LD_RUNPATH_SEARCH_PATHS = (
					"$(inherited)",
					"@executable_path/../Frameworks",
				);
				LIBRARY_SEARCH_PATHS = (
					"$(inherited)",
					"$(SRCROOT)/../../build-mac",
				);
				MARKETING_VERSION = 1.0;
				OTHER_LDFLAGS = "-lsoluna_core";
				PRODUCT_BUNDLE_IDENTIFIER = com.soluna.Soluna;
				PRODUCT_NAME = Soluna;
				SWIFT_EMIT_LOC_STRINGS = YES;
				SWIFT_OBJC_BRIDGING_HEADER = "SolunaReceiverMac/Bridge/SolunaReceiver-Bridging-Header.h";
				SWIFT_VERSION = 5.0;
			};
			name = Release;
		};
/* End XCBuildConfiguration section */

/* Begin XCConfigurationList section */
		7A0000 /* Build configuration list for PBXNativeTarget "SolunaReceiverMac" */ = {
			isa = XCConfigurationList;
			buildConfigurations = (
				9A0011 /* Debug */,
				9A0012 /* Release */,
			);
			defaultConfigurationIsVisible = 0;
			defaultConfigurationName = Release;
		};
		7A0010 /* Build configuration list for PBXProject "SolunaReceiverMac" */ = {
			isa = XCConfigurationList;
			buildConfigurations = (
				9A0001 /* Debug */,
				9A0002 /* Release */,
			);
			defaultConfigurationIsVisible = 0;
			defaultConfigurationName = Release;
		};
/* End XCConfigurationList section */
	};
	rootObject = 8A0000 /* Project object */;
}
