// !$*UTF8*$!
{
	archiveVersion = 1;
	classes = {
	};
	objectVersion = 56;
	objects = {

/* Begin PBXBuildFile section */
		SC000001 /* SolunaControlApp.swift in Sources */ = {isa = PBXBuildFile; fileRef = SC000010 /* SolunaControlApp.swift */; };
		SC000002 /* MenuContent.swift in Sources */ = {isa = PBXBuildFile; fileRef = SC000011 /* MenuContent.swift */; };
		SC000003 /* DaemonClient.swift in Sources */ = {isa = PBXBuildFile; fileRef = SC000012 /* DaemonClient.swift */; };
		SC000004 /* Assets.xcassets in Resources */ = {isa = PBXBuildFile; fileRef = SC000013 /* Assets.xcassets */; };
/* End PBXBuildFile section */

/* Begin PBXFileReference section */
		SC000009 /* SolunaControl.app */ = {isa = PBXFileReference; explicitFileType = wrapper.application; includeInIndex = 0; path = SolunaControl.app; sourceTree = BUILT_PRODUCTS_DIR; };
		SC000010 /* SolunaControlApp.swift */ = {isa = PBXFileReference; lastKnownFileType = sourcecode.swift; path = SolunaControlApp.swift; sourceTree = "<group>"; };
		SC000011 /* MenuContent.swift */ = {isa = PBXFileReference; lastKnownFileType = sourcecode.swift; path = MenuContent.swift; sourceTree = "<group>"; };
		SC000012 /* DaemonClient.swift */ = {isa = PBXFileReference; lastKnownFileType = sourcecode.swift; path = DaemonClient.swift; sourceTree = "<group>"; };
		SC000013 /* Assets.xcassets */ = {isa = PBXFileReference; lastKnownFileType = folder.assetcatalog; path = Assets.xcassets; sourceTree = "<group>"; };
		SC000014 /* Info.plist */ = {isa = PBXFileReference; lastKnownFileType = text.plist.xml; path = Info.plist; sourceTree = "<group>"; };
		SC000015 /* SolunaControl.entitlements */ = {isa = PBXFileReference; lastKnownFileType = text.plist.entitlements; path = SolunaControl.entitlements; sourceTree = "<group>"; };
/* End PBXFileReference section */

/* Begin PBXGroup section */
		SC000020 /* = */ = {
			isa = PBXGroup;
			children = (
				SC000021 /* Sources */,
				SC000022 /* Products */,
			);
			sourceTree = "<group>";
		};
		SC000021 /* Sources */ = {
			isa = PBXGroup;
			children = (
				SC000010 /* SolunaControlApp.swift */,
				SC000011 /* MenuContent.swift */,
				SC000012 /* DaemonClient.swift */,
				SC000013 /* Assets.xcassets */,
				SC000014 /* Info.plist */,
				SC000015 /* SolunaControl.entitlements */,
			);
			name = Sources;
			path = Sources/SolunaControl;
			sourceTree = "<group>";
		};
		SC000022 /* Products */ = {
			isa = PBXGroup;
			children = (
				SC000009 /* SolunaControl.app */,
			);
			name = Products;
			sourceTree = "<group>";
		};
/* End PBXGroup section */

/* Begin PBXNativeTarget section */
		SC000030 /* SolunaControl */ = {
			isa = PBXNativeTarget;
			buildConfigurationList = SC000031 /* Build configuration list for PBXNativeTarget "SolunaControl" */;
			buildPhases = (
				SC000040 /* Sources */,
				SC000041 /* Resources */,
			);
			buildRules = (
			);
			dependencies = (
			);
			name = SolunaControl;
			productName = SolunaControl;
			productReference = SC000009 /* SolunaControl.app */;
			productType = "com.apple.product-type.application";
		};
/* End PBXNativeTarget section */

/* Begin PBXProject section */
		SC000050 /* Project object */ = {
			isa = PBXProject;
			attributes = {
				BuildIndependentTargetsInParallel = 1;
				LastSwiftUpdateCheck = 1500;
				LastUpgradeCheck = 1500;
				TargetAttributes = {
					SC000030 = {
						CreatedOnToolsVersion = 15.0;
					};
				};
			};
			buildConfigurationList = SC000051 /* Build configuration list for PBXProject "SolunaControl" */;
			compatibilityVersion = "Xcode 14.0";
			developmentRegion = en;
			hasScannedForEncodings = 0;
			knownRegions = (
				en,
				Base,
			);
			mainGroup = SC000020;
			productRefGroup = SC000022 /* Products */;
			projectDirPath = "";
			projectRoot = "";
			targets = (
				SC000030 /* SolunaControl */,
			);
		};
/* End PBXProject section */

/* Begin PBXResourcesBuildPhase section */
		SC000041 /* Resources */ = {
			isa = PBXResourcesBuildPhase;
			buildActionMask = 2147483647;
			files = (
				SC000004 /* Assets.xcassets in Resources */,
			);
			runOnlyForDeploymentPostprocessing = 0;
		};
/* End PBXResourcesBuildPhase section */

/* Begin PBXSourcesBuildPhase section */
		SC000040 /* Sources */ = {
			isa = PBXSourcesBuildPhase;
			buildActionMask = 2147483647;
			files = (
				SC000001 /* SolunaControlApp.swift in Sources */,
				SC000002 /* MenuContent.swift in Sources */,
				SC000003 /* DaemonClient.swift in Sources */,
			);
			runOnlyForDeploymentPostprocessing = 0;
		};
/* End PBXSourcesBuildPhase section */

/* Begin XCBuildConfiguration section */
		SC000060 /* Debug */ = {
			isa = XCBuildConfiguration;
			buildSettings = {
				ALWAYS_SEARCH_USER_PATHS = NO;
				CLANG_CXX_LANGUAGE_STANDARD = "gnu++20";
				CLANG_ENABLE_MODULES = YES;
				CLANG_ENABLE_OBJC_ARC = YES;
				CLANG_ENABLE_OBJC_WEAK = YES;
				COPY_PHASE_STRIP = NO;
				DEBUG_INFORMATION_FORMAT = dwarf;
				GCC_C_LANGUAGE_STANDARD = gnu17;
				GCC_DYNAMIC_NO_PIC = NO;
				GCC_NO_COMMON_BLOCKS = YES;
				GCC_OPTIMIZATION_LEVEL = 0;
				GCC_PREPROCESSOR_DEFINITIONS = (
					"DEBUG=1",
					"$(inherited)",
				);
				MACOSX_DEPLOYMENT_TARGET = 13.0;
				MTL_ENABLE_DEBUG_INFO = INCLUDE_SOURCE;
				MTL_FAST_MATH = YES;
				ONLY_ACTIVE_ARCH = YES;
				SDKROOT = macosx;
				SWIFT_ACTIVE_COMPILATION_CONDITIONS = DEBUG;
				SWIFT_OPTIMIZATION_LEVEL = "-Onone";
			};
			name = Debug;
		};
		SC000061 /* Release */ = {
			isa = XCBuildConfiguration;
			buildSettings = {
				ALWAYS_SEARCH_USER_PATHS = NO;
				CLANG_CXX_LANGUAGE_STANDARD = "gnu++20";
				CLANG_ENABLE_MODULES = YES;
				CLANG_ENABLE_OBJC_ARC = YES;
				CLANG_ENABLE_OBJC_WEAK = YES;
				COPY_PHASE_STRIP = NO;
				DEBUG_INFORMATION_FORMAT = "dwarf-with-dsym";
				ENABLE_NS_ASSERTIONS = NO;
				GCC_C_LANGUAGE_STANDARD = gnu17;
				GCC_NO_COMMON_BLOCKS = YES;
				MACOSX_DEPLOYMENT_TARGET = 13.0;
				MTL_FAST_MATH = YES;
				SDKROOT = macosx;
				SWIFT_COMPILATION_MODE = wholemodule;
				SWIFT_OPTIMIZATION_LEVEL = "-O";
			};
			name = Release;
		};
		SC000062 /* Debug */ = {
			isa = XCBuildConfiguration;
			buildSettings = {
				CODE_SIGN_ENTITLEMENTS = Sources/SolunaControl/SolunaControl.entitlements;
				CODE_SIGN_IDENTITY = "Apple Development";
				CODE_SIGN_STYLE = Automatic;
				COMBINE_HIDPI_IMAGES = YES;
				CURRENT_PROJECT_VERSION = 1;
				DEVELOPMENT_TEAM = 5BV85JW8US;
				ENABLE_HARDENED_RUNTIME = YES;
				GENERATE_INFOPLIST_FILE = NO;
				INFOPLIST_FILE = Sources/SolunaControl/Info.plist;
				LD_RUNPATH_SEARCH_PATHS = (
					"$(inherited)",
					"@executable_path/../Frameworks",
				);
				MARKETING_VERSION = 1.0;
				PRODUCT_BUNDLE_IDENTIFIER = com.soluna.SolunaControl;
				PRODUCT_NAME = "$(TARGET_NAME)";
				SWIFT_EMIT_LOC_STRINGS = YES;
				SWIFT_VERSION = 5.0;
			};
			name = Debug;
		};
		SC000063 /* Release */ = {
			isa = XCBuildConfiguration;
			buildSettings = {
				CODE_SIGN_ENTITLEMENTS = Sources/SolunaControl/SolunaControl.entitlements;
				CODE_SIGN_IDENTITY = "Developer ID Application";
				CODE_SIGN_STYLE = Automatic;
				COMBINE_HIDPI_IMAGES = YES;
				CURRENT_PROJECT_VERSION = 1;
				DEVELOPMENT_TEAM = 5BV85JW8US;
				ENABLE_HARDENED_RUNTIME = YES;
				GENERATE_INFOPLIST_FILE = NO;
				INFOPLIST_FILE = Sources/SolunaControl/Info.plist;
				LD_RUNPATH_SEARCH_PATHS = (
					"$(inherited)",
					"@executable_path/../Frameworks",
				);
				MARKETING_VERSION = 1.0;
				PRODUCT_BUNDLE_IDENTIFIER = com.soluna.SolunaControl;
				PRODUCT_NAME = "$(TARGET_NAME)";
				SWIFT_EMIT_LOC_STRINGS = YES;
				SWIFT_VERSION = 5.0;
			};
			name = Release;
		};
/* End XCBuildConfiguration section */

/* Begin XCConfigurationList section */
		SC000051 /* Build configuration list for PBXProject "SolunaControl" */ = {
			isa = XCConfigurationList;
			buildConfigurations = (
				SC000060 /* Debug */,
				SC000061 /* Release */,
			);
			defaultConfigurationIsVisible = 0;
			defaultConfigurationName = Release;
		};
		SC000031 /* Build configuration list for PBXNativeTarget "SolunaControl" */ = {
			isa = XCConfigurationList;
			buildConfigurations = (
				SC000062 /* Debug */,
				SC000063 /* Release */,
			);
			defaultConfigurationIsVisible = 0;
			defaultConfigurationName = Release;
		};
/* End XCConfigurationList section */

	};
	rootObject = SC000050 /* Project object */;
}
